
Microsoft Visual Studio Solution File, Format Version 12.00
# Visual Studio Version 16
VisualStudioVersion = 16.0.30011.22
MinimumVisualStudioVersion = 10.0.40219.1
Project("{FAE04EC0-301F-11D3-BF4B-00C04F79EFBC}") = "ClubManager", "ClubManager\ClubManager.csproj", "{73891050-72DE-43B2-9E56-966F14609359}"
EndProject
Global
	GlobalSection(SolutionConfigurationPlatforms) = preSolution
		Debug|Any CPU = Debug|Any CPU
		Release|Any CPU = Release|Any CPU
	EndGlobalSection
	GlobalSection(ProjectConfigurationPlatforms) = postSolution
		{73891050-72DE-43B2-9E56-966F14609359}.Debug|Any CPU.ActiveCfg = Debug|Any CPU
		{73891050-72DE-43B2-9E56-966F14609359}.Debug|Any CPU.Build.0 = Debug|Any CPU
		{73891050-72DE-43B2-9E56-966F14609359}.Release|Any CPU.ActiveCfg = Release|Any CPU
		{73891050-72DE-43B2-9E56-966F14609359}.Release|Any CPU.Build.0 = Release|Any CPU
	EndGlobalSection
	GlobalSection(SolutionProperties) = preSolution
		HideSolutionNode = FALSE
	EndGlobalSection
	GlobalSection(ExtensibilityGlobals) = postSolution
		SolutionGuid = {E4A83997-6601-4B89-9B43-2B0EA5A8E213}
	EndGlobalSection
EndGlobal
